
Microsoft Visual Studio Solution File, Format Version 12.00
# Visual Studio Version 17
VisualStudioVersion = 17.11.35312.102
MinimumVisualStudioVersion = 10.0.40219.1
Project("{9A19103F-16F7-4668-BE54-9A1E7A4F7556}") = "CustomWinFormToast", "CustomWinFormToast\CustomWinFormToast.csproj", "{5B013872-C7D8-4EB7-B334-4A5E5E4064A4}"
EndProject
Global
	GlobalSection(SolutionConfigurationPlatforms) = preSolution
		Debug|Any CPU = Debug|Any CPU
		Release|Any CPU = Release|Any CPU
	EndGlobalSection
	GlobalSection(ProjectConfigurationPlatforms) = postSolution
		{5B013872-C7D8-4EB7-B334-4A5E5E4064A4}.Debug|Any CPU.ActiveCfg = Debug|Any CPU
		{5B013872-C7D8-4EB7-B334-4A5E5E4064A4}.Debug|Any CPU.Build.0 = Debug|Any CPU
		{5B013872-C7D8-4EB7-B334-4A5E5E4064A4}.Release|Any CPU.ActiveCfg = Release|Any CPU
		{5B013872-C7D8-4EB7-B334-4A5E5E4064A4}.Release|Any CPU.Build.0 = Release|Any CPU
	EndGlobalSection
	GlobalSection(SolutionProperties) = preSolution
		HideSolutionNode = FALSE
	EndGlobalSection
	GlobalSection(ExtensibilityGlobals) = postSolution
		SolutionGuid = {FC86E8FD-BD7E-4707-B054-A7E238BDB804}
	EndGlobalSection
EndGlobal
